
Microsoft Visual Studio Solution File, Format Version 12.00
# Visual Studio Version 16
VisualStudioVersion = 16.0.32602.291
MinimumVisualStudioVersion = 10.0.40219.1
Project("{FAE04EC0-301F-11D3-BF4B-00C04F79EFBC}") = "WebApplication2prac", "WebApplication2prac\WebApplication2prac.csproj", "{B0CCC4B0-EF6D-4307-9605-F46F71E2CFD8}"
EndProject
Global
	GlobalSection(SolutionConfigurationPlatforms) = preSolution
		Debug|Any CPU = Debug|Any CPU
		Release|Any CPU = Release|Any CPU
	EndGlobalSection
	GlobalSection(ProjectConfigurationPlatforms) = postSolution
		{B0CCC4B0-EF6D-4307-9605-F46F71E2CFD8}.Debug|Any CPU.ActiveCfg = Debug|Any CPU
		{B0CCC4B0-EF6D-4307-9605-F46F71E2CFD8}.Debug|Any CPU.Build.0 = Debug|Any CPU
		{B0CCC4B0-EF6D-4307-9605-F46F71E2CFD8}.Release|Any CPU.ActiveCfg = Release|Any CPU
		{B0CCC4B0-EF6D-4307-9605-F46F71E2CFD8}.Release|Any CPU.Build.0 = Release|Any CPU
	EndGlobalSection
	GlobalSection(SolutionProperties) = preSolution
		HideSolutionNode = FALSE
	EndGlobalSection
	GlobalSection(ExtensibilityGlobals) = postSolution
		SolutionGuid = {29F161DC-2D9A-42AA-8BA2-CE663D0EEF44}
	EndGlobalSection
EndGlobal
